// !$*UTF8*$!
{
	archiveVersion = 1;
	classes = {
	};
	objectVersion = 56;
	objects = {

/* Begin PBXBuildFile section */
		68001ECA2B5C204600E24C0D /* BluetoothManager.swift in Sources */ = {isa = PBXBuildFile; fileRef = 68001EC92B5C204600E24C0D /* BluetoothManager.swift */; };
		68BEFDB52B59BA5F00241AB1 /* BLEProtoApp.swift in Sources */ = {isa = PBXBuildFile; fileRef = 68BEFDB42B59BA5F00241AB1 /* BLEProtoApp.swift */; };
		68BEFDB92B59BA6000241AB1 /* Assets.xcassets in Resources */ = {isa = PBXBuildFile; fileRef = 68BEFDB82B59BA6000241AB1 /* Assets.xcassets */; };
		68BEFDBC2B59BA6000241AB1 /* Preview Assets.xcassets in Resources */ = {isa = PBXBuildFile; fileRef = 68BEFDBB2B59BA6000241AB1 /* Preview Assets.xcassets */; };
		68D8B13E2B5DBEC700BC6D81 /* ContentView.swift in Sources */ = {isa = PBXBuildFile; fileRef = 68D8B13D2B5DBEC700BC6D81 /* ContentView.swift */; };
		68D8B1402B5DBF2300BC6D81 /* DeviceDetail.swift in Sources */ = {isa = PBXBuildFile; fileRef = 68D8B13F2B5DBF2300BC6D81 /* DeviceDetail.swift */; };
/* End PBXBuildFile section */

/* Begin PBXFileReference section */
		68001EC92B5C204600E24C0D /* BluetoothManager.swift */ = {isa = PBXFileReference; lastKnownFileType = sourcecode.swift; path = BluetoothManager.swift; sourceTree = "<group>"; };
		6867DE972B5B12BE0020CB86 /* Info.plist */ = {isa = PBXFileReference; lastKnownFileType = text.plist; path = Info.plist; sourceTree = "<group>"; };
		68BEFDB12B59BA5F00241AB1 /* BLEProto.app */ = {isa = PBXFileReference; explicitFileType = wrapper.application; includeInIndex = 0; path = BLEProto.app; sourceTree = BUILT_PRODUCTS_DIR; };
		68BEFDB42B59BA5F00241AB1 /* BLEProtoApp.swift */ = {isa = PBXFileReference; lastKnownFileType = sourcecode.swift; path = BLEProtoApp.swift; sourceTree = "<group>"; };
		68BEFDB82B59BA6000241AB1 /* Assets.xcassets */ = {isa = PBXFileReference; lastKnownFileType = folder.assetcatalog; path = Assets.xcassets; sourceTree = "<group>"; };
		68BEFDBB2B59BA6000241AB1 /* Preview Assets.xcassets */ = {isa = PBXFileReference; lastKnownFileType = folder.assetcatalog; path = "Preview Assets.xcassets"; sourceTree = "<group>"; };
		68D8B13D2B5DBEC700BC6D81 /* ContentView.swift */ = {isa = PBXFileReference; lastKnownFileType = sourcecode.swift; path = ContentView.swift; sourceTree = "<group>"; };
		68D8B13F2B5DBF2300BC6D81 /* DeviceDetail.swift */ = {isa = PBXFileReference; lastKnownFileType = sourcecode.swift; path = DeviceDetail.swift; sourceTree = "<group>"; };
/* End PBXFileReference section */

/* Begin PBXFrameworksBuildPhase section */
		68BEFDAE2B59BA5F00241AB1 /* Frameworks */ = {
			isa = PBXFrameworksBuildPhase;
			buildActionMask = 2147483647;
			files = (
			);
			runOnlyForDeploymentPostprocessing = 0;
		};
/* End PBXFrameworksBuildPhase section */

/* Begin PBXGroup section */
		68BEFDA82B59BA5F00241AB1 = {
			isa = PBXGroup;
			children = (
				68BEFDB32B59BA5F00241AB1 /* BLEProto */,
				68BEFDB22B59BA5F00241AB1 /* Products */,
			);
			sourceTree = "<group>";
		};
		68BEFDB22B59BA5F00241AB1 /* Products */ = {
			isa = PBXGroup;
			children = (
				68BEFDB12B59BA5F00241AB1 /* BLEProto.app */,
			);
			name = Products;
			sourceTree = "<group>";
		};
		68BEFDB32B59BA5F00241AB1 /* BLEProto */ = {
			isa = PBXGroup;
			children = (
				6867DE972B5B12BE0020CB86 /* Info.plist */,
				68BEFDB42B59BA5F00241AB1 /* BLEProtoApp.swift */,
				68D8B13D2B5DBEC700BC6D81 /* ContentView.swift */,
				68D8B13F2B5DBF2300BC6D81 /* DeviceDetail.swift */,
				68001EC92B5C204600E24C0D /* BluetoothManager.swift */,
				68BEFDB82B59BA6000241AB1 /* Assets.xcassets */,
				68BEFDBA2B59BA6000241AB1 /* Preview Content */,
			);
			path = BLEProto;
			sourceTree = "<group>";
		};
		68BEFDBA2B59BA6000241AB1 /* Preview Content */ = {
			isa = PBXGroup;
			children = (
				68BEFDBB2B59BA6000241AB1 /* Preview Assets.xcassets */,
			);
			path = "Preview Content";
			sourceTree = "<group>";
		};
/* End PBXGroup section */

/* Begin PBXNativeTarget section */
		68BEFDB02B59BA5F00241AB1 /* BLEProto */ = {
			isa = PBXNativeTarget;
			buildConfigurationList = 68BEFDBF2B59BA6000241AB1 /* Build configuration list for PBXNativeTarget "BLEProto" */;
			buildPhases = (
				68BEFDAD2B59BA5F00241AB1 /* Sources */,
				68BEFDAE2B59BA5F00241AB1 /* Frameworks */,
				68BEFDAF2B59BA5F00241AB1 /* Resources */,
			);
			buildRules = (
			);
			dependencies = (
			);
			name = BLEProto;
			productName = BLEProto;
			productReference = 68BEFDB12B59BA5F00241AB1 /* BLEProto.app */;
			productType = "com.apple.product-type.application";
		};
/* End PBXNativeTarget section */

/* Begin PBXProject section */
		68BEFDA92B59BA5F00241AB1 /* Project object */ = {
			isa = PBXProject;
			attributes = {
				BuildIndependentTargetsInParallel = 1;
				LastSwiftUpdateCheck = 1520;
				LastUpgradeCheck = 1520;
				TargetAttributes = {
					68BEFDB02B59BA5F00241AB1 = {
						CreatedOnToolsVersion = 15.2;
					};
				};
			};
			buildConfigurationList = 68BEFDAC2B59BA5F00241AB1 /* Build configuration list for PBXProject "BLEProto" */;
			compatibilityVersion = "Xcode 14.0";
			developmentRegion = en;
			hasScannedForEncodings = 0;
			knownRegions = (
				en,
				Base,
			);
			mainGroup = 68BEFDA82B59BA5F00241AB1;
			productRefGroup = 68BEFDB22B59BA5F00241AB1 /* Products */;
			projectDirPath = "";
			projectRoot = "";
			targets = (
				68BEFDB02B59BA5F00241AB1 /* BLEProto */,
			);
		};
/* End PBXProject section */

/* Begin PBXResourcesBuildPhase section */
		68BEFDAF2B59BA5F00241AB1 /* Resources */ = {
			isa = PBXResourcesBuildPhase;
			buildActionMask = 2147483647;
			files = (
				68BEFDBC2B59BA6000241AB1 /* Preview Assets.xcassets in Resources */,
				68BEFDB92B59BA6000241AB1 /* Assets.xcassets in Resources */,
			);
			runOnlyForDeploymentPostprocessing = 0;
		};
/* End PBXResourcesBuildPhase section */

/* Begin PBXSourcesBuildPhase section */
		68BEFDAD2B59BA5F00241AB1 /* Sources */ = {
			isa = PBXSourcesBuildPhase;
			buildActionMask = 2147483647;
			files = (
				68D8B1402B5DBF2300BC6D81 /* DeviceDetail.swift in Sources */,
				68001ECA2B5C204600E24C0D /* BluetoothManager.swift in Sources */,
				68BEFDB52B59BA5F00241AB1 /* BLEProtoApp.swift in Sources */,
				68D8B13E2B5DBEC700BC6D81 /* ContentView.swift in Sources */,
			);
			runOnlyForDeploymentPostprocessing = 0;
		};
/* End PBXSourcesBuildPhase section */

/* Begin XCBuildConfiguration section */
		68BEFDBD2B59BA6000241AB1 /* Debug */ = {
			isa = XCBuildConfiguration;
			buildSettings = {
				ALWAYS_SEARCH_USER_PATHS = NO;
				ASSETCATALOG_COMPILER_GENERATE_SWIFT_ASSET_SYMBOL_EXTENSIONS = YES;
				CLANG_ANALYZER_NONNULL = YES;
				CLANG_ANALYZER_NUMBER_OBJECT_CONVERSION = YES_AGGRESSIVE;
				CLANG_CXX_LANGUAGE_STANDARD = "gnu++20";
				CLANG_ENABLE_MODULES = YES;
				CLANG_ENABLE_OBJC_ARC = YES;
				CLANG_ENABLE_OBJC_WEAK = YES;
				CLANG_WARN_BLOCK_CAPTURE_AUTORELEASING = YES;
				CLANG_WARN_BOOL_CONVERSION = YES;
				CLANG_WARN_COMMA = YES;
				CLANG_WARN_CONSTANT_CONVERSION = YES;
				CLANG_WARN_DEPRECATED_OBJC_IMPLEMENTATIONS = YES;
				CLANG_WARN_DIRECT_OBJC_ISA_USAGE = YES_ERROR;
				CLANG_WARN_DOCUMENTATION_COMMENTS = YES;
				CLANG_WARN_EMPTY_BODY = YES;
				CLANG_WARN_ENUM_CONVERSION = YES;
				CLANG_WARN_INFINITE_RECURSION = YES;
				CLANG_WARN_INT_CONVERSION = YES;
				CLANG_WARN_NON_LITERAL_NULL_CONVERSION = YES;
				CLANG_WARN_OBJC_IMPLICIT_RETAIN_SELF = YES;
				CLANG_WARN_OBJC_LITERAL_CONVERSION = YES;
				CLANG_WARN_OBJC_ROOT_CLASS = YES_ERROR;
				CLANG_WARN_QUOTED_INCLUDE_IN_FRAMEWORK_HEADER = YES;
				CLANG_WARN_RANGE_LOOP_ANALYSIS = YES;
				CLANG_WARN_STRICT_PROTOTYPES = YES;
				CLANG_WARN_SUSPICIOUS_MOVE = YES;
				CLANG_WARN_UNGUARDED_AVAILABILITY = YES_AGGRESSIVE;
				CLANG_WARN_UNREACHABLE_CODE = YES;
				CLANG_WARN__DUPLICATE_METHOD_MATCH = YES;
				COPY_PHASE_STRIP = NO;
				DEBUG_INFORMATION_FORMAT = dwarf;
				ENABLE_STRICT_OBJC_MSGSEND = YES;
				ENABLE_TESTABILITY = YES;
				ENABLE_USER_SCRIPT_SANDBOXING = YES;
				GCC_C_LANGUAGE_STANDARD = gnu17;
				GCC_DYNAMIC_NO_PIC = NO;
				GCC_NO_COMMON_BLOCKS = YES;
				GCC_OPTIMIZATION_LEVEL = 0;
				GCC_PREPROCESSOR_DEFINITIONS = (
					"DEBUG=1",
					"$(inherited)",
				);
				GCC_WARN_64_TO_32_BIT_CONVERSION = YES;
				GCC_WARN_ABOUT_RETURN_TYPE = YES_ERROR;
				GCC_WARN_UNDECLARED_SELECTOR = YES;
				GCC_WARN_UNINITIALIZED_AUTOS = YES_AGGRESSIVE;
				GCC_WARN_UNUSED_FUNCTION = YES;
				GCC_WARN_UNUSED_VARIABLE = YES;
				IPHONEOS_DEPLOYMENT_TARGET = 17.2;
				LOCALIZATION_PREFERS_STRING_CATALOGS = YES;
				MTL_ENABLE_DEBUG_INFO = INCLUDE_SOURCE;
				MTL_FAST_MATH = YES;
				ONLY_ACTIVE_ARCH = YES;
				SDKROOT = iphoneos;
				SWIFT_ACTIVE_COMPILATION_CONDITIONS = "DEBUG $(inherited)";
				SWIFT_OPTIMIZATION_LEVEL = "-Onone";
			};
			name = Debug;
		};
		68BEFDBE2B59BA6000241AB1 /* Release */ = {
			isa = XCBuildConfiguration;
			buildSettings = {
				ALWAYS_SEARCH_USER_PATHS = NO;
				ASSETCATALOG_COMPILER_GENERATE_SWIFT_ASSET_SYMBOL_EXTENSIONS = YES;
				CLANG_ANALYZER_NONNULL = YES;
				CLANG_ANALYZER_NUMBER_OBJECT_CONVERSION = YES_AGGRESSIVE;
				CLANG_CXX_LANGUAGE_STANDARD = "gnu++20";
				CLANG_ENABLE_MODULES = YES;
				CLANG_ENABLE_OBJC_ARC = YES;
				CLANG_ENABLE_OBJC_WEAK = YES;
				CLANG_WARN_BLOCK_CAPTURE_AUTORELEASING = YES;
				CLANG_WARN_BOOL_CONVERSION = YES;
				CLANG_WARN_COMMA = YES;
				CLANG_WARN_CONSTANT_CONVERSION = YES;
				CLANG_WARN_DEPRECATED_OBJC_IMPLEMENTATIONS = YES;
				CLANG_WARN_DIRECT_OBJC_ISA_USAGE = YES_ERROR;
				CLANG_WARN_DOCUMENTATION_COMMENTS = YES;
				CLANG_WARN_EMPTY_BODY = YES;
				CLANG_WARN_ENUM_CONVERSION = YES;
				CLANG_WARN_INFINITE_RECURSION = YES;
				CLANG_WARN_INT_CONVERSION = YES;
				CLANG_WARN_NON_LITERAL_NULL_CONVERSION = YES;
				CLANG_WARN_OBJC_IMPLICIT_RETAIN_SELF = YES;
				CLANG_WARN_OBJC_LITERAL_CONVERSION = YES;
				CLANG_WARN_OBJC_ROOT_CLASS = YES_ERROR;
				CLANG_WARN_QUOTED_INCLUDE_IN_FRAMEWORK_HEADER = YES;
				CLANG_WARN_RANGE_LOOP_ANALYSIS = YES;
				CLANG_WARN_STRICT_PROTOTYPES = YES;
				CLANG_WARN_SUSPICIOUS_MOVE = YES;
				CLANG_WARN_UNGUARDED_AVAILABILITY = YES_AGGRESSIVE;
				CLANG_WARN_UNREACHABLE_CODE = YES;
				CLANG_WARN__DUPLICATE_METHOD_MATCH = YES;
				COPY_PHASE_STRIP = NO;
				DEBUG_INFORMATION_FORMAT = "dwarf-with-dsym";
				ENABLE_NS_ASSERTIONS = NO;
				ENABLE_STRICT_OBJC_MSGSEND = YES;
				ENABLE_USER_SCRIPT_SANDBOXING = YES;
				GCC_C_LANGUAGE_STANDARD = gnu17;
				GCC_NO_COMMON_BLOCKS = YES;
				GCC_WARN_64_TO_32_BIT_CONVERSION = YES;
				GCC_WARN_ABOUT_RETURN_TYPE = YES_ERROR;
				GCC_WARN_UNDECLARED_SELECTOR = YES;
				GCC_WARN_UNINITIALIZED_AUTOS = YES_AGGRESSIVE;
				GCC_WARN_UNUSED_FUNCTION = YES;
				GCC_WARN_UNUSED_VARIABLE = YES;
				IPHONEOS_DEPLOYMENT_TARGET = 17.2;
				LOCALIZATION_PREFERS_STRING_CATALOGS = YES;
				MTL_ENABLE_DEBUG_INFO = NO;
				MTL_FAST_MATH = YES;
				SDKROOT = iphoneos;
				SWIFT_COMPILATION_MODE = wholemodule;
				VALIDATE_PRODUCT = YES;
			};
			name = Release;
		};
		68BEFDC02B59BA6000241AB1 /* Debug */ = {
			isa = XCBuildConfiguration;
			buildSettings = {
				ASSETCATALOG_COMPILER_APPICON_NAME = AppIcon;
				ASSETCATALOG_COMPILER_GLOBAL_ACCENT_COLOR_NAME = AccentColor;
				CODE_SIGN_STYLE = Automatic;
				CURRENT_PROJECT_VERSION = 1;
				DEVELOPMENT_ASSET_PATHS = "\"BLEProto/Preview Content\"";
				DEVELOPMENT_TEAM = UXZ7L8SP89;
				ENABLE_PREVIEWS = YES;
				GENERATE_INFOPLIST_FILE = YES;
				INFOPLIST_FILE = BLEProto/Info.plist;
				INFOPLIST_KEY_NSBluetoothAlwaysUsageDescription = "This app required Bluetooth in order to function. ";
				INFOPLIST_KEY_NSBluetoothPeripheralUsageDescription = "This application requires the use of Bluetooth";
				INFOPLIST_KEY_UIApplicationSceneManifest_Generation = YES;
				INFOPLIST_KEY_UIApplicationSupportsIndirectInputEvents = YES;
				INFOPLIST_KEY_UILaunchScreen_Generation = YES;
				INFOPLIST_KEY_UISupportedInterfaceOrientations_iPad = "UIInterfaceOrientationPortrait UIInterfaceOrientationPortraitUpsideDown UIInterfaceOrientationLandscapeLeft UIInterfaceOrientationLandscapeRight";
				INFOPLIST_KEY_UISupportedInterfaceOrientations_iPhone = "UIInterfaceOrientationPortrait UIInterfaceOrientationLandscapeLeft UIInterfaceOrientationLandscapeRight";
				LD_RUNPATH_SEARCH_PATHS = (
					"$(inherited)",
					"@executable_path/Frameworks",
				);
				MARKETING_VERSION = 1.0;
				PRODUCT_BUNDLE_IDENTIFIER = com.jgnoonan1961.BLEProto;
				PRODUCT_NAME = "$(TARGET_NAME)";
				SWIFT_EMIT_LOC_STRINGS = YES;
				SWIFT_VERSION = 5.0;
				TARGETED_DEVICE_FAMILY = "1,2";
			};
			name = Debug;
		};
		68BEFDC12B59BA6000241AB1 /* Release */ = {
			isa = XCBuildConfiguration;
			buildSettings = {
				ASSETCATALOG_COMPILER_APPICON_NAME = AppIcon;
				ASSETCATALOG_COMPILER_GLOBAL_ACCENT_COLOR_NAME = AccentColor;
				CODE_SIGN_STYLE = Automatic;
				CURRENT_PROJECT_VERSION = 1;
				DEVELOPMENT_ASSET_PATHS = "\"BLEProto/Preview Content\"";
				DEVELOPMENT_TEAM = UXZ7L8SP89;
				ENABLE_PREVIEWS = YES;
				GENERATE_INFOPLIST_FILE = YES;
				INFOPLIST_FILE = BLEProto/Info.plist;
				INFOPLIST_KEY_NSBluetoothAlwaysUsageDescription = "This app required Bluetooth in order to function. ";
				INFOPLIST_KEY_NSBluetoothPeripheralUsageDescription = "This application requires the use of Bluetooth";
				INFOPLIST_KEY_UIApplicationSceneManifest_Generation = YES;
				INFOPLIST_KEY_UIApplicationSupportsIndirectInputEvents = YES;
				INFOPLIST_KEY_UILaunchScreen_Generation = YES;
				INFOPLIST_KEY_UISupportedInterfaceOrientations_iPad = "UIInterfaceOrientationPortrait UIInterfaceOrientationPortraitUpsideDown UIInterfaceOrientationLandscapeLeft UIInterfaceOrientationLandscapeRight";
				INFOPLIST_KEY_UISupportedInterfaceOrientations_iPhone = "UIInterfaceOrientationPortrait UIInterfaceOrientationLandscapeLeft UIInterfaceOrientationLandscapeRight";
				LD_RUNPATH_SEARCH_PATHS = (
					"$(inherited)",
					"@executable_path/Frameworks",
				);
				MARKETING_VERSION = 1.0;
				PRODUCT_BUNDLE_IDENTIFIER = com.jgnoonan1961.BLEProto;
				PRODUCT_NAME = "$(TARGET_NAME)";
				SWIFT_EMIT_LOC_STRINGS = YES;
				SWIFT_VERSION = 5.0;
				TARGETED_DEVICE_FAMILY = "1,2";
			};
			name = Release;
		};
/* End XCBuildConfiguration section */

/* Begin XCConfigurationList section */
		68BEFDAC2B59BA5F00241AB1 /* Build configuration list for PBXProject "BLEProto" */ = {
			isa = XCConfigurationList;
			buildConfigurations = (
				68BEFDBD2B59BA6000241AB1 /* Debug */,
				68BEFDBE2B59BA6000241AB1 /* Release */,
			);
			defaultConfigurationIsVisible = 0;
			defaultConfigurationName = Release;
		};
		68BEFDBF2B59BA6000241AB1 /* Build configuration list for PBXNativeTarget "BLEProto" */ = {
			isa = XCConfigurationList;
			buildConfigurations = (
				68BEFDC02B59BA6000241AB1 /* Debug */,
				68BEFDC12B59BA6000241AB1 /* Release */,
			);
			defaultConfigurationIsVisible = 0;
			defaultConfigurationName = Release;
		};
/* End XCConfigurationList section */
	};
	rootObject = 68BEFDA92B59BA5F00241AB1 /* Project object */;
}
